// !$*UTF8*$!
{
	archiveVersion = 1;
	classes = {
	};
	objectVersion = 56;
	objects = {

/* Begin PBXBuildFile section */
		90C03748D8A8FE1C8E4C4984 /* Pods_InstaClone_frbase.framework in Frameworks */ = {isa = PBXBuildFile; fileRef = 21ACDD8F1C10983C2066CF11 /* Pods_InstaClone_frbase.framework */; };
		FA6A86682B932DEC00C89E63 /* FeedViewController.swift in Sources */ = {isa = PBXBuildFile; fileRef = FA6A86672B932DEC00C89E63 /* FeedViewController.swift */; };
		FA6A866A2B932E0600C89E63 /* UploadViewController.swift in Sources */ = {isa = PBXBuildFile; fileRef = FA6A86692B932E0600C89E63 /* UploadViewController.swift */; };
		FA6A866C2B932E2700C89E63 /* SettingsViewController.swift in Sources */ = {isa = PBXBuildFile; fileRef = FA6A866B2B932E2700C89E63 /* SettingsViewController.swift */; };
		FA6A86722B94D54A00C89E63 /* selectt.jpg in Resources */ = {isa = PBXBuildFile; fileRef = FA6A86712B94D54A00C89E63 /* selectt.jpg */; };
		FA6A86742B974AF700C89E63 /* FeedCell.swift in Sources */ = {isa = PBXBuildFile; fileRef = FA6A86732B974AF700C89E63 /* FeedCell.swift */; };
		FA8EBCE12B91C3B800274980 /* AppDelegate.swift in Sources */ = {isa = PBXBuildFile; fileRef = FA8EBCE02B91C3B800274980 /* AppDelegate.swift */; };
		FA8EBCE32B91C3B800274980 /* SceneDelegate.swift in Sources */ = {isa = PBXBuildFile; fileRef = FA8EBCE22B91C3B800274980 /* SceneDelegate.swift */; };
		FA8EBCE52B91C3B800274980 /* ViewController.swift in Sources */ = {isa = PBXBuildFile; fileRef = FA8EBCE42B91C3B800274980 /* ViewController.swift */; };
		FA8EBCE82B91C3B800274980 /* Main.storyboard in Resources */ = {isa = PBXBuildFile; fileRef = FA8EBCE62B91C3B800274980 /* Main.storyboard */; };
		FA8EBCEA2B91C3B900274980 /* Assets.xcassets in Resources */ = {isa = PBXBuildFile; fileRef = FA8EBCE92B91C3B900274980 /* Assets.xcassets */; };
		FA8EBCED2B91C3B900274980 /* LaunchScreen.storyboard in Resources */ = {isa = PBXBuildFile; fileRef = FA8EBCEB2B91C3B900274980 /* LaunchScreen.storyboard */; };
		FA8EBCF72B93046700274980 /* GoogleService-Info.plist in Resources */ = {isa = PBXBuildFile; fileRef = FA8EBCF62B93046700274980 /* GoogleService-Info.plist */; };
/* End PBXBuildFile section */

/* Begin PBXFileReference section */
		21ACDD8F1C10983C2066CF11 /* Pods_InstaClone_frbase.framework */ = {isa = PBXFileReference; explicitFileType = wrapper.framework; includeInIndex = 0; path = Pods_InstaClone_frbase.framework; sourceTree = BUILT_PRODUCTS_DIR; };
		8D85BC30A7D5CA1495ABAA4C /* Pods-InstaClone-frbase.debug.xcconfig */ = {isa = PBXFileReference; includeInIndex = 1; lastKnownFileType = text.xcconfig; name = "Pods-InstaClone-frbase.debug.xcconfig"; path = "Target Support Files/Pods-InstaClone-frbase/Pods-InstaClone-frbase.debug.xcconfig"; sourceTree = "<group>"; };
		DF541673955154C942EBD201 /* Pods-InstaClone-frbase.release.xcconfig */ = {isa = PBXFileReference; includeInIndex = 1; lastKnownFileType = text.xcconfig; name = "Pods-InstaClone-frbase.release.xcconfig"; path = "Target Support Files/Pods-InstaClone-frbase/Pods-InstaClone-frbase.release.xcconfig"; sourceTree = "<group>"; };
		FA6A86672B932DEC00C89E63 /* FeedViewController.swift */ = {isa = PBXFileReference; lastKnownFileType = sourcecode.swift; path = FeedViewController.swift; sourceTree = "<group>"; };
		FA6A86692B932E0600C89E63 /* UploadViewController.swift */ = {isa = PBXFileReference; lastKnownFileType = sourcecode.swift; path = UploadViewController.swift; sourceTree = "<group>"; };
		FA6A866B2B932E2700C89E63 /* SettingsViewController.swift */ = {isa = PBXFileReference; lastKnownFileType = sourcecode.swift; path = SettingsViewController.swift; sourceTree = "<group>"; };
		FA6A86712B94D54A00C89E63 /* selectt.jpg */ = {isa = PBXFileReference; lastKnownFileType = image.jpeg; path = selectt.jpg; sourceTree = "<group>"; };
		FA6A86732B974AF700C89E63 /* FeedCell.swift */ = {isa = PBXFileReference; lastKnownFileType = sourcecode.swift; path = FeedCell.swift; sourceTree = "<group>"; };
		FA8EBCDD2B91C3B800274980 /* InstaClone-frbase.app */ = {isa = PBXFileReference; explicitFileType = wrapper.application; includeInIndex = 0; path = "InstaClone-frbase.app"; sourceTree = BUILT_PRODUCTS_DIR; };
		FA8EBCE02B91C3B800274980 /* AppDelegate.swift */ = {isa = PBXFileReference; lastKnownFileType = sourcecode.swift; path = AppDelegate.swift; sourceTree = "<group>"; };
		FA8EBCE22B91C3B800274980 /* SceneDelegate.swift */ = {isa = PBXFileReference; lastKnownFileType = sourcecode.swift; path = SceneDelegate.swift; sourceTree = "<group>"; };
		FA8EBCE42B91C3B800274980 /* ViewController.swift */ = {isa = PBXFileReference; lastKnownFileType = sourcecode.swift; path = ViewController.swift; sourceTree = "<group>"; };
		FA8EBCE72B91C3B800274980 /* Base */ = {isa = PBXFileReference; lastKnownFileType = file.storyboard; name = Base; path = Base.lproj/Main.storyboard; sourceTree = "<group>"; };
		FA8EBCE92B91C3B900274980 /* Assets.xcassets */ = {isa = PBXFileReference; lastKnownFileType = folder.assetcatalog; path = Assets.xcassets; sourceTree = "<group>"; };
		FA8EBCEC2B91C3B900274980 /* Base */ = {isa = PBXFileReference; lastKnownFileType = file.storyboard; name = Base; path = Base.lproj/LaunchScreen.storyboard; sourceTree = "<group>"; };
		FA8EBCEE2B91C3B900274980 /* Info.plist */ = {isa = PBXFileReference; lastKnownFileType = text.plist.xml; path = Info.plist; sourceTree = "<group>"; };
		FA8EBCF62B93046700274980 /* GoogleService-Info.plist */ = {isa = PBXFileReference; fileEncoding = 4; lastKnownFileType = text.plist.xml; path = "GoogleService-Info.plist"; sourceTree = "<group>"; };
/* End PBXFileReference section */

/* Begin PBXFrameworksBuildPhase section */
		FA8EBCDA2B91C3B800274980 /* Frameworks */ = {
			isa = PBXFrameworksBuildPhase;
			buildActionMask = 2147483647;
			files = (
				90C03748D8A8FE1C8E4C4984 /* Pods_InstaClone_frbase.framework in Frameworks */,
			);
			runOnlyForDeploymentPostprocessing = 0;
		};
/* End PBXFrameworksBuildPhase section */

/* Begin PBXGroup section */
		0CC3773373F8253A442AD523 /* Pods */ = {
			isa = PBXGroup;
			children = (
				8D85BC30A7D5CA1495ABAA4C /* Pods-InstaClone-frbase.debug.xcconfig */,
				DF541673955154C942EBD201 /* Pods-InstaClone-frbase.release.xcconfig */,
			);
			path = Pods;
			sourceTree = "<group>";
		};
		38999C2571375DB13A962166 /* Frameworks */ = {
			isa = PBXGroup;
			children = (
				21ACDD8F1C10983C2066CF11 /* Pods_InstaClone_frbase.framework */,
			);
			name = Frameworks;
			sourceTree = "<group>";
		};
		FA8EBCD42B91C3B800274980 = {
			isa = PBXGroup;
			children = (
				FA8EBCDF2B91C3B800274980 /* InstaClone-frbase */,
				FA8EBCDE2B91C3B800274980 /* Products */,
				0CC3773373F8253A442AD523 /* Pods */,
				38999C2571375DB13A962166 /* Frameworks */,
			);
			sourceTree = "<group>";
		};
		FA8EBCDE2B91C3B800274980 /* Products */ = {
			isa = PBXGroup;
			children = (
				FA8EBCDD2B91C3B800274980 /* InstaClone-frbase.app */,
			);
			name = Products;
			sourceTree = "<group>";
		};
		FA8EBCDF2B91C3B800274980 /* InstaClone-frbase */ = {
			isa = PBXGroup;
			children = (
				FA8EBCE02B91C3B800274980 /* AppDelegate.swift */,
				FA8EBCE22B91C3B800274980 /* SceneDelegate.swift */,
				FA8EBCE42B91C3B800274980 /* ViewController.swift */,
				FA6A86672B932DEC00C89E63 /* FeedViewController.swift */,
				FA6A86692B932E0600C89E63 /* UploadViewController.swift */,
				FA6A866B2B932E2700C89E63 /* SettingsViewController.swift */,
				FA6A86732B974AF700C89E63 /* FeedCell.swift */,
				FA6A86712B94D54A00C89E63 /* selectt.jpg */,
				FA8EBCE62B91C3B800274980 /* Main.storyboard */,
				FA8EBCE92B91C3B900274980 /* Assets.xcassets */,
				FA8EBCEB2B91C3B900274980 /* LaunchScreen.storyboard */,
				FA8EBCEE2B91C3B900274980 /* Info.plist */,
				FA8EBCF62B93046700274980 /* GoogleService-Info.plist */,
			);
			path = "InstaClone-frbase";
			sourceTree = "<group>";
		};
/* End PBXGroup section */

/* Begin PBXNativeTarget section */
		FA8EBCDC2B91C3B800274980 /* InstaClone-frbase */ = {
			isa = PBXNativeTarget;
			buildConfigurationList = FA8EBCF12B91C3B900274980 /* Build configuration list for PBXNativeTarget "InstaClone-frbase" */;
			buildPhases = (
				E3BA930BE94C90723D009A9E /* [CP] Check Pods Manifest.lock */,
				FA8EBCD92B91C3B800274980 /* Sources */,
				FA8EBCDA2B91C3B800274980 /* Frameworks */,
				FA8EBCDB2B91C3B800274980 /* Resources */,
				9D756F14E52665356DE637FE /* [CP] Embed Pods Frameworks */,
			);
			buildRules = (
			);
			dependencies = (
			);
			name = "InstaClone-frbase";
			productName = "InstaClone-frbase";
			productReference = FA8EBCDD2B91C3B800274980 /* InstaClone-frbase.app */;
			productType = "com.apple.product-type.application";
		};
/* End PBXNativeTarget section */

/* Begin PBXProject section */
		FA8EBCD52B91C3B800274980 /* Project object */ = {
			isa = PBXProject;
			attributes = {
				BuildIndependentTargetsInParallel = 1;
				LastSwiftUpdateCheck = 1500;
				LastUpgradeCheck = 1500;
				TargetAttributes = {
					FA8EBCDC2B91C3B800274980 = {
						CreatedOnToolsVersion = 15.0;
					};
				};
			};
			buildConfigurationList = FA8EBCD82B91C3B800274980 /* Build configuration list for PBXProject "InstaClone-frbase" */;
			compatibilityVersion = "Xcode 14.0";
			developmentRegion = en;
			hasScannedForEncodings = 0;
			knownRegions = (
				en,
				Base,
			);
			mainGroup = FA8EBCD42B91C3B800274980;
			productRefGroup = FA8EBCDE2B91C3B800274980 /* Products */;
			projectDirPath = "";
			projectRoot = "";
			targets = (
				FA8EBCDC2B91C3B800274980 /* InstaClone-frbase */,
			);
		};
/* End PBXProject section */

/* Begin PBXResourcesBuildPhase section */
		FA8EBCDB2B91C3B800274980 /* Resources */ = {
			isa = PBXResourcesBuildPhase;
			buildActionMask = 2147483647;
			files = (
				FA8EBCED2B91C3B900274980 /* LaunchScreen.storyboard in Resources */,
				FA6A86722B94D54A00C89E63 /* selectt.jpg in Resources */,
				FA8EBCF72B93046700274980 /* GoogleService-Info.plist in Resources */,
				FA8EBCEA2B91C3B900274980 /* Assets.xcassets in Resources */,
				FA8EBCE82B91C3B800274980 /* Main.storyboard in Resources */,
			);
			runOnlyForDeploymentPostprocessing = 0;
		};
/* End PBXResourcesBuildPhase section */

/* Begin PBXShellScriptBuildPhase section */
		9D756F14E52665356DE637FE /* [CP] Embed Pods Frameworks */ = {
			isa = PBXShellScriptBuildPhase;
			buildActionMask = 2147483647;
			files = (
			);
			inputFileListPaths = (
				"${PODS_ROOT}/Target Support Files/Pods-InstaClone-frbase/Pods-InstaClone-frbase-frameworks-${CONFIGURATION}-input-files.xcfilelist",
			);
			name = "[CP] Embed Pods Frameworks";
			outputFileListPaths = (
				"${PODS_ROOT}/Target Support Files/Pods-InstaClone-frbase/Pods-InstaClone-frbase-frameworks-${CONFIGURATION}-output-files.xcfilelist",
			);
			runOnlyForDeploymentPostprocessing = 0;
			shellPath = /bin/sh;
			shellScript = "\"${PODS_ROOT}/Target Support Files/Pods-InstaClone-frbase/Pods-InstaClone-frbase-frameworks.sh\"\n";
			showEnvVarsInLog = 0;
		};
		E3BA930BE94C90723D009A9E /* [CP] Check Pods Manifest.lock */ = {
			isa = PBXShellScriptBuildPhase;
			buildActionMask = 2147483647;
			files = (
			);
			inputFileListPaths = (
			);
			inputPaths = (
				"${PODS_PODFILE_DIR_PATH}/Podfile.lock",
				"${PODS_ROOT}/Manifest.lock",
			);
			name = "[CP] Check Pods Manifest.lock";
			outputFileListPaths = (
			);
			outputPaths = (
				"$(DERIVED_FILE_DIR)/Pods-InstaClone-frbase-checkManifestLockResult.txt",
			);
			runOnlyForDeploymentPostprocessing = 0;
			shellPath = /bin/sh;
			shellScript = "diff \"${PODS_PODFILE_DIR_PATH}/Podfile.lock\" \"${PODS_ROOT}/Manifest.lock\" > /dev/null\nif [ $? != 0 ] ; then\n    # print error to STDERR\n    echo \"error: The sandbox is not in sync with the Podfile.lock. Run 'pod install' or update your CocoaPods installation.\" >&2\n    exit 1\nfi\n# This output is used by Xcode 'outputs' to avoid re-running this script phase.\necho \"SUCCESS\" > \"${SCRIPT_OUTPUT_FILE_0}\"\n";
			showEnvVarsInLog = 0;
		};
/* End PBXShellScriptBuildPhase section */

/* Begin PBXSourcesBuildPhase section */
		FA8EBCD92B91C3B800274980 /* Sources */ = {
			isa = PBXSourcesBuildPhase;
			buildActionMask = 2147483647;
			files = (
				FA6A86742B974AF700C89E63 /* FeedCell.swift in Sources */,
				FA8EBCE52B91C3B800274980 /* ViewController.swift in Sources */,
				FA6A866A2B932E0600C89E63 /* UploadViewController.swift in Sources */,
				FA8EBCE12B91C3B800274980 /* AppDelegate.swift in Sources */,
				FA6A86682B932DEC00C89E63 /* FeedViewController.swift in Sources */,
				FA8EBCE32B91C3B800274980 /* SceneDelegate.swift in Sources */,
				FA6A866C2B932E2700C89E63 /* SettingsViewController.swift in Sources */,
			);
			runOnlyForDeploymentPostprocessing = 0;
		};
/* End PBXSourcesBuildPhase section */

/* Begin PBXVariantGroup section */
		FA8EBCE62B91C3B800274980 /* Main.storyboard */ = {
			isa = PBXVariantGroup;
			children = (
				FA8EBCE72B91C3B800274980 /* Base */,
			);
			name = Main.storyboard;
			sourceTree = "<group>";
		};
		FA8EBCEB2B91C3B900274980 /* LaunchScreen.storyboard */ = {
			isa = PBXVariantGroup;
			children = (
				FA8EBCEC2B91C3B900274980 /* Base */,
			);
			name = LaunchScreen.storyboard;
			sourceTree = "<group>";
		};
/* End PBXVariantGroup section */

/* Begin XCBuildConfiguration section */
		FA8EBCEF2B91C3B900274980 /* Debug */ = {
			isa = XCBuildConfiguration;
			buildSettings = {
				ALWAYS_SEARCH_USER_PATHS = NO;
				ASSETCATALOG_COMPILER_GENERATE_SWIFT_ASSET_SYMBOL_EXTENSIONS = YES;
				CLANG_ANALYZER_NONNULL = YES;
				CLANG_ANALYZER_NUMBER_OBJECT_CONVERSION = YES_AGGRESSIVE;
				CLANG_CXX_LANGUAGE_STANDARD = "gnu++20";
				CLANG_ENABLE_MODULES = YES;
				CLANG_ENABLE_OBJC_ARC = YES;
				CLANG_ENABLE_OBJC_WEAK = YES;
				CLANG_WARN_BLOCK_CAPTURE_AUTORELEASING = YES;
				CLANG_WARN_BOOL_CONVERSION = YES;
				CLANG_WARN_COMMA = YES;
				CLANG_WARN_CONSTANT_CONVERSION = YES;
				CLANG_WARN_DEPRECATED_OBJC_IMPLEMENTATIONS = YES;
				CLANG_WARN_DIRECT_OBJC_ISA_USAGE = YES_ERROR;
				CLANG_WARN_DOCUMENTATION_COMMENTS = YES;
				CLANG_WARN_EMPTY_BODY = YES;
				CLANG_WARN_ENUM_CONVERSION = YES;
				CLANG_WARN_INFINITE_RECURSION = YES;
				CLANG_WARN_INT_CONVERSION = YES;
				CLANG_WARN_NON_LITERAL_NULL_CONVERSION = YES;
				CLANG_WARN_OBJC_IMPLICIT_RETAIN_SELF = YES;
				CLANG_WARN_OBJC_LITERAL_CONVERSION = YES;
				CLANG_WARN_OBJC_ROOT_CLASS = YES_ERROR;
				CLANG_WARN_QUOTED_INCLUDE_IN_FRAMEWORK_HEADER = YES;
				CLANG_WARN_RANGE_LOOP_ANALYSIS = YES;
				CLANG_WARN_STRICT_PROTOTYPES = YES;
				CLANG_WARN_SUSPICIOUS_MOVE = YES;
				CLANG_WARN_UNGUARDED_AVAILABILITY = YES_AGGRESSIVE;
				CLANG_WARN_UNREACHABLE_CODE = YES;
				CLANG_WARN__DUPLICATE_METHOD_MATCH = YES;
				COPY_PHASE_STRIP = NO;
				DEBUG_INFORMATION_FORMAT = dwarf;
				ENABLE_STRICT_OBJC_MSGSEND = YES;
				ENABLE_TESTABILITY = YES;
				ENABLE_USER_SCRIPT_SANDBOXING = NO;
				GCC_C_LANGUAGE_STANDARD = gnu17;
				GCC_DYNAMIC_NO_PIC = NO;
				GCC_NO_COMMON_BLOCKS = YES;
				GCC_OPTIMIZATION_LEVEL = 0;
				GCC_PREPROCESSOR_DEFINITIONS = (
					"DEBUG=1",
					"$(inherited)",
				);
				GCC_WARN_64_TO_32_BIT_CONVERSION = YES;
				GCC_WARN_ABOUT_RETURN_TYPE = YES_ERROR;
				GCC_WARN_UNDECLARED_SELECTOR = YES;
				GCC_WARN_UNINITIALIZED_AUTOS = YES_AGGRESSIVE;
				GCC_WARN_UNUSED_FUNCTION = YES;
				GCC_WARN_UNUSED_VARIABLE = YES;
				IPHONEOS_DEPLOYMENT_TARGET = 17.0;
				LOCALIZATION_PREFERS_STRING_CATALOGS = YES;
				MTL_ENABLE_DEBUG_INFO = INCLUDE_SOURCE;
				MTL_FAST_MATH = YES;
				ONLY_ACTIVE_ARCH = YES;
				SDKROOT = iphoneos;
				SWIFT_ACTIVE_COMPILATION_CONDITIONS = "DEBUG $(inherited)";
				SWIFT_OPTIMIZATION_LEVEL = "-Onone";
			};
			name = Debug;
		};
		FA8EBCF02B91C3B900274980 /* Release */ = {
			isa = XCBuildConfiguration;
			buildSettings = {
				ALWAYS_SEARCH_USER_PATHS = NO;
				ASSETCATALOG_COMPILER_GENERATE_SWIFT_ASSET_SYMBOL_EXTENSIONS = YES;
				CLANG_ANALYZER_NONNULL = YES;
				CLANG_ANALYZER_NUMBER_OBJECT_CONVERSION = YES_AGGRESSIVE;
				CLANG_CXX_LANGUAGE_STANDARD = "gnu++20";
				CLANG_ENABLE_MODULES = YES;
				CLANG_ENABLE_OBJC_ARC = YES;
				CLANG_ENABLE_OBJC_WEAK = YES;
				CLANG_WARN_BLOCK_CAPTURE_AUTORELEASING = YES;
				CLANG_WARN_BOOL_CONVERSION = YES;
				CLANG_WARN_COMMA = YES;
				CLANG_WARN_CONSTANT_CONVERSION = YES;
				CLANG_WARN_DEPRECATED_OBJC_IMPLEMENTATIONS = YES;
				CLANG_WARN_DIRECT_OBJC_ISA_USAGE = YES_ERROR;
				CLANG_WARN_DOCUMENTATION_COMMENTS = YES;
				CLANG_WARN_EMPTY_BODY = YES;
				CLANG_WARN_ENUM_CONVERSION = YES;
				CLANG_WARN_INFINITE_RECURSION = YES;
				CLANG_WARN_INT_CONVERSION = YES;
				CLANG_WARN_NON_LITERAL_NULL_CONVERSION = YES;
				CLANG_WARN_OBJC_IMPLICIT_RETAIN_SELF = YES;
				CLANG_WARN_OBJC_LITERAL_CONVERSION = YES;
				CLANG_WARN_OBJC_ROOT_CLASS = YES_ERROR;
				CLANG_WARN_QUOTED_INCLUDE_IN_FRAMEWORK_HEADER = YES;
				CLANG_WARN_RANGE_LOOP_ANALYSIS = YES;
				CLANG_WARN_STRICT_PROTOTYPES = YES;
				CLANG_WARN_SUSPICIOUS_MOVE = YES;
				CLANG_WARN_UNGUARDED_AVAILABILITY = YES_AGGRESSIVE;
				CLANG_WARN_UNREACHABLE_CODE = YES;
				CLANG_WARN__DUPLICATE_METHOD_MATCH = YES;
				COPY_PHASE_STRIP = NO;
				DEBUG_INFORMATION_FORMAT = "dwarf-with-dsym";
				ENABLE_NS_ASSERTIONS = NO;
				ENABLE_STRICT_OBJC_MSGSEND = YES;
				ENABLE_USER_SCRIPT_SANDBOXING = NO;
				GCC_C_LANGUAGE_STANDARD = gnu17;
				GCC_NO_COMMON_BLOCKS = YES;
				GCC_WARN_64_TO_32_BIT_CONVERSION = YES;
				GCC_WARN_ABOUT_RETURN_TYPE = YES_ERROR;
				GCC_WARN_UNDECLARED_SELECTOR = YES;
				GCC_WARN_UNINITIALIZED_AUTOS = YES_AGGRESSIVE;
				GCC_WARN_UNUSED_FUNCTION = YES;
				GCC_WARN_UNUSED_VARIABLE = YES;
				IPHONEOS_DEPLOYMENT_TARGET = 17.0;
				LOCALIZATION_PREFERS_STRING_CATALOGS = YES;
				MTL_ENABLE_DEBUG_INFO = NO;
				MTL_FAST_MATH = YES;
				SDKROOT = iphoneos;
				SWIFT_COMPILATION_MODE = wholemodule;
				VALIDATE_PRODUCT = YES;
			};
			name = Release;
		};
		FA8EBCF22B91C3B900274980 /* Debug */ = {
			isa = XCBuildConfiguration;
			baseConfigurationReference = 8D85BC30A7D5CA1495ABAA4C /* Pods-InstaClone-frbase.debug.xcconfig */;
			buildSettings = {
				ASSETCATALOG_COMPILER_APPICON_NAME = AppIcon;
				ASSETCATALOG_COMPILER_GLOBAL_ACCENT_COLOR_NAME = AccentColor;
				CODE_SIGN_STYLE = Automatic;
				CURRENT_PROJECT_VERSION = 1;
				DEVELOPMENT_TEAM = KMDMJ2AK78;
				GENERATE_INFOPLIST_FILE = YES;
				INFOPLIST_FILE = "InstaClone-frbase/Info.plist";
				INFOPLIST_KEY_UIApplicationSupportsIndirectInputEvents = YES;
				INFOPLIST_KEY_UILaunchStoryboardName = LaunchScreen;
				INFOPLIST_KEY_UIMainStoryboardFile = Main;
				INFOPLIST_KEY_UISupportedInterfaceOrientations_iPad = "UIInterfaceOrientationPortrait UIInterfaceOrientationPortraitUpsideDown UIInterfaceOrientationLandscapeLeft UIInterfaceOrientationLandscapeRight";
				INFOPLIST_KEY_UISupportedInterfaceOrientations_iPhone = "UIInterfaceOrientationPortrait UIInterfaceOrientationLandscapeLeft UIInterfaceOrientationLandscapeRight";
				LD_RUNPATH_SEARCH_PATHS = (
					"$(inherited)",
					"@executable_path/Frameworks",
				);
				MARKETING_VERSION = 1.0;
				PRODUCT_BUNDLE_IDENTIFIER = "com.murateyvazli.InstaClone-frbase";
				PRODUCT_NAME = "$(TARGET_NAME)";
				SWIFT_EMIT_LOC_STRINGS = YES;
				SWIFT_VERSION = 5.0;
				TARGETED_DEVICE_FAMILY = "1,2";
			};
			name = Debug;
		};
		FA8EBCF32B91C3B900274980 /* Release */ = {
			isa = XCBuildConfiguration;
			baseConfigurationReference = DF541673955154C942EBD201 /* Pods-InstaClone-frbase.release.xcconfig */;
			buildSettings = {
				ASSETCATALOG_COMPILER_APPICON_NAME = AppIcon;
				ASSETCATALOG_COMPILER_GLOBAL_ACCENT_COLOR_NAME = AccentColor;
				CODE_SIGN_STYLE = Automatic;
				CURRENT_PROJECT_VERSION = 1;
				DEVELOPMENT_TEAM = KMDMJ2AK78;
				GENERATE_INFOPLIST_FILE = YES;
				INFOPLIST_FILE = "InstaClone-frbase/Info.plist";
				INFOPLIST_KEY_UIApplicationSupportsIndirectInputEvents = YES;
				INFOPLIST_KEY_UILaunchStoryboardName = LaunchScreen;
				INFOPLIST_KEY_UIMainStoryboardFile = Main;
				INFOPLIST_KEY_UISupportedInterfaceOrientations_iPad = "UIInterfaceOrientationPortrait UIInterfaceOrientationPortraitUpsideDown UIInterfaceOrientationLandscapeLeft UIInterfaceOrientationLandscapeRight";
				INFOPLIST_KEY_UISupportedInterfaceOrientations_iPhone = "UIInterfaceOrientationPortrait UIInterfaceOrientationLandscapeLeft UIInterfaceOrientationLandscapeRight";
				LD_RUNPATH_SEARCH_PATHS = (
					"$(inherited)",
					"@executable_path/Frameworks",
				);
				MARKETING_VERSION = 1.0;
				PRODUCT_BUNDLE_IDENTIFIER = "com.murateyvazli.InstaClone-frbase";
				PRODUCT_NAME = "$(TARGET_NAME)";
				SWIFT_EMIT_LOC_STRINGS = YES;
				SWIFT_VERSION = 5.0;
				TARGETED_DEVICE_FAMILY = "1,2";
			};
			name = Release;
		};
/* End XCBuildConfiguration section */

/* Begin XCConfigurationList section */
		FA8EBCD82B91C3B800274980 /* Build configuration list for PBXProject "InstaClone-frbase" */ = {
			isa = XCConfigurationList;
			buildConfigurations = (
				FA8EBCEF2B91C3B900274980 /* Debug */,
				FA8EBCF02B91C3B900274980 /* Release */,
			);
			defaultConfigurationIsVisible = 0;
			defaultConfigurationName = Release;
		};
		FA8EBCF12B91C3B900274980 /* Build configuration list for PBXNativeTarget "InstaClone-frbase" */ = {
			isa = XCConfigurationList;
			buildConfigurations = (
				FA8EBCF22B91C3B900274980 /* Debug */,
				FA8EBCF32B91C3B900274980 /* Release */,
			);
			defaultConfigurationIsVisible = 0;
			defaultConfigurationName = Release;
		};
/* End XCConfigurationList section */
	};
	rootObject = FA8EBCD52B91C3B800274980 /* Project object */;
}
